{
  "requires": true,
  "lockfileVersion": 1,
  "dependencies": {
    "gitbook-plugin-back-to-top-button": {
      "version": "0.1.4",
      "resolved": "https://registry.npmjs.org/gitbook-plugin-back-to-top-button/-/gitbook-plugin-back-to-top-button-0.1.4.tgz",
      "integrity": "sha1-5iGDOLDvGdWOb2YAmUNQt26ANd8="
    },
    "gitbook-plugin-github": {
      "version": "2.0.0",
      "resolved": "https://registry.npmjs.org/gitbook-plugin-github/-/gitbook-plugin-github-2.0.0.tgz",
      "integrity": "sha1-UWbnY8/MQC1DKIC3pshcHFS1ao0="
    },
    "gitbook-plugin-insert-logo": {
      "version": "0.1.5",
      "resolved": "https://registry.npmjs.org/gitbook-plugin-insert-logo/-/gitbook-plugin-insert-logo-0.1.5.tgz",
      "integrity": "sha1-2q6N2kGiNtVPE5MeVwsmcpVXiFo="
    }
  }
}
